
Microsoft Visual Studio Solution File, Format Version 12.00
# Visual Studio Version 16
VisualStudioVersion = 16.0.30611.23
MinimumVisualStudioVersion = 10.0.40219.1
Project("{FAE04EC0-301F-11D3-BF4B-00C04F79EFBC}") = "Huszar_Otilia_Lab6", "Huszar_Otilia_Lab6.csproj", "{4081DE78-0EE1-486B-A95F-263A600078C9}"
EndProject
Project("{FAE04EC0-301F-11D3-BF4B-00C04F79EFBC}") = "PhoneBookModel", "PhoneBookModel\PhoneBookModel.csproj", "{01FFF7A5-6FCC-4ED8-A8C9-C056F0AB10B7}"
EndProject
Global
	GlobalSection(SolutionConfigurationPlatforms) = preSolution
		Debug|Any CPU = Debug|Any CPU
		Release|Any CPU = Release|Any CPU
	EndGlobalSection
	GlobalSection(ProjectConfigurationPlatforms) = postSolution
		{4081DE78-0EE1-486B-A95F-263A600078C9}.Debug|Any CPU.ActiveCfg = Debug|Any CPU
		{4081DE78-0EE1-486B-A95F-263A600078C9}.Debug|Any CPU.Build.0 = Debug|Any CPU
		{4081DE78-0EE1-486B-A95F-263A600078C9}.Release|Any CPU.ActiveCfg = Release|Any CPU
		{4081DE78-0EE1-486B-A95F-263A600078C9}.Release|Any CPU.Build.0 = Release|Any CPU
		{01FFF7A5-6FCC-4ED8-A8C9-C056F0AB10B7}.Debug|Any CPU.ActiveCfg = Debug|Any CPU
		{01FFF7A5-6FCC-4ED8-A8C9-C056F0AB10B7}.Debug|Any CPU.Build.0 = Debug|Any CPU
		{01FFF7A5-6FCC-4ED8-A8C9-C056F0AB10B7}.Release|Any CPU.ActiveCfg = Release|Any CPU
		{01FFF7A5-6FCC-4ED8-A8C9-C056F0AB10B7}.Release|Any CPU.Build.0 = Release|Any CPU
	EndGlobalSection
	GlobalSection(SolutionProperties) = preSolution
		HideSolutionNode = FALSE
	EndGlobalSection
	GlobalSection(ExtensibilityGlobals) = postSolution
		SolutionGuid = {4BC1DDD0-76EB-48BD-8EAD-FCB51CC943CB}
	EndGlobalSection
EndGlobal
